// !$*UTF8*$!
{
	archiveVersion = 1;
	classes = {
	};
	objectVersion = 56;
	objects = {

/* Begin PBXBuildFile section */
		FF639B8F2910F64900DDB0BD /* AppDelegate.swift in Sources */ = {isa = PBXBuildFile; fileRef = FF639B8E2910F64900DDB0BD /* AppDelegate.swift */; };
		FF639B912910F64900DDB0BD /* SceneDelegate.swift in Sources */ = {isa = PBXBuildFile; fileRef = FF639B902910F64900DDB0BD /* SceneDelegate.swift */; };
		FF639B932910F64900DDB0BD /* ViewController.swift in Sources */ = {isa = PBXBuildFile; fileRef = FF639B922910F64900DDB0BD /* ViewController.swift */; };
		FF639B962910F64900DDB0BD /* Main.storyboard in Resources */ = {isa = PBXBuildFile; fileRef = FF639B942910F64900DDB0BD /* Main.storyboard */; };
		FF639B982910F64900DDB0BD /* Assets.xcassets in Resources */ = {isa = PBXBuildFile; fileRef = FF639B972910F64900DDB0BD /* Assets.xcassets */; };
		FF639B9B2910F64900DDB0BD /* LaunchScreen.storyboard in Resources */ = {isa = PBXBuildFile; fileRef = FF639B992910F64900DDB0BD /* LaunchScreen.storyboard */; };
		FF639BA62910F64900DDB0BD /* NavigationTests.swift in Sources */ = {isa = PBXBuildFile; fileRef = FF639BA52910F64900DDB0BD /* NavigationTests.swift */; };
		FF639BB02910F64A00DDB0BD /* NavigationUITests.swift in Sources */ = {isa = PBXBuildFile; fileRef = FF639BAF2910F64A00DDB0BD /* NavigationUITests.swift */; };
		FF639BB22910F64A00DDB0BD /* NavigationUITestsLaunchTests.swift in Sources */ = {isa = PBXBuildFile; fileRef = FF639BB12910F64A00DDB0BD /* NavigationUITestsLaunchTests.swift */; };
/* End PBXBuildFile section */

/* Begin PBXContainerItemProxy section */
		FF639BA22910F64900DDB0BD /* PBXContainerItemProxy */ = {
			isa = PBXContainerItemProxy;
			containerPortal = FF639B832910F64900DDB0BD /* Project object */;
			proxyType = 1;
			remoteGlobalIDString = FF639B8A2910F64900DDB0BD;
			remoteInfo = Navigation;
		};
		FF639BAC2910F64A00DDB0BD /* PBXContainerItemProxy */ = {
			isa = PBXContainerItemProxy;
			containerPortal = FF639B832910F64900DDB0BD /* Project object */;
			proxyType = 1;
			remoteGlobalIDString = FF639B8A2910F64900DDB0BD;
			remoteInfo = Navigation;
		};
/* End PBXContainerItemProxy section */

/* Begin PBXFileReference section */
		FF639B8B2910F64900DDB0BD /* Navigation.app */ = {isa = PBXFileReference; explicitFileType = wrapper.application; includeInIndex = 0; path = Navigation.app; sourceTree = BUILT_PRODUCTS_DIR; };
		FF639B8E2910F64900DDB0BD /* AppDelegate.swift */ = {isa = PBXFileReference; lastKnownFileType = sourcecode.swift; path = AppDelegate.swift; sourceTree = "<group>"; };
		FF639B902910F64900DDB0BD /* SceneDelegate.swift */ = {isa = PBXFileReference; lastKnownFileType = sourcecode.swift; path = SceneDelegate.swift; sourceTree = "<group>"; };
		FF639B922910F64900DDB0BD /* ViewController.swift */ = {isa = PBXFileReference; lastKnownFileType = sourcecode.swift; path = ViewController.swift; sourceTree = "<group>"; };
		FF639B952910F64900DDB0BD /* Base */ = {isa = PBXFileReference; lastKnownFileType = file.storyboard; name = Base; path = Base.lproj/Main.storyboard; sourceTree = "<group>"; };
		FF639B972910F64900DDB0BD /* Assets.xcassets */ = {isa = PBXFileReference; lastKnownFileType = folder.assetcatalog; path = Assets.xcassets; sourceTree = "<group>"; };
		FF639B9A2910F64900DDB0BD /* Base */ = {isa = PBXFileReference; lastKnownFileType = file.storyboard; name = Base; path = Base.lproj/LaunchScreen.storyboard; sourceTree = "<group>"; };
		FF639B9C2910F64900DDB0BD /* Info.plist */ = {isa = PBXFileReference; lastKnownFileType = text.plist.xml; path = Info.plist; sourceTree = "<group>"; };
		FF639BA12910F64900DDB0BD /* NavigationTests.xctest */ = {isa = PBXFileReference; explicitFileType = wrapper.cfbundle; includeInIndex = 0; path = NavigationTests.xctest; sourceTree = BUILT_PRODUCTS_DIR; };
		FF639BA52910F64900DDB0BD /* NavigationTests.swift */ = {isa = PBXFileReference; lastKnownFileType = sourcecode.swift; path = NavigationTests.swift; sourceTree = "<group>"; };
		FF639BAB2910F64A00DDB0BD /* NavigationUITests.xctest */ = {isa = PBXFileReference; explicitFileType = wrapper.cfbundle; includeInIndex = 0; path = NavigationUITests.xctest; sourceTree = BUILT_PRODUCTS_DIR; };
		FF639BAF2910F64A00DDB0BD /* NavigationUITests.swift */ = {isa = PBXFileReference; lastKnownFileType = sourcecode.swift; path = NavigationUITests.swift; sourceTree = "<group>"; };
		FF639BB12910F64A00DDB0BD /* NavigationUITestsLaunchTests.swift */ = {isa = PBXFileReference; lastKnownFileType = sourcecode.swift; path = NavigationUITestsLaunchTests.swift; sourceTree = "<group>"; };
/* End PBXFileReference section */

/* Begin PBXFrameworksBuildPhase section */
		FF639B882910F64900DDB0BD /* Frameworks */ = {
			isa = PBXFrameworksBuildPhase;
			buildActionMask = 2147483647;
			files = (
			);
			runOnlyForDeploymentPostprocessing = 0;
		};
		FF639B9E2910F64900DDB0BD /* Frameworks */ = {
			isa = PBXFrameworksBuildPhase;
			buildActionMask = 2147483647;
			files = (
			);
			runOnlyForDeploymentPostprocessing = 0;
		};
		FF639BA82910F64A00DDB0BD /* Frameworks */ = {
			isa = PBXFrameworksBuildPhase;
			buildActionMask = 2147483647;
			files = (
			);
			runOnlyForDeploymentPostprocessing = 0;
		};
/* End PBXFrameworksBuildPhase section */

/* Begin PBXGroup section */
		FF639B822910F64900DDB0BD = {
			isa = PBXGroup;
			children = (
				FF639B8D2910F64900DDB0BD /* Navigation */,
				FF639BA42910F64900DDB0BD /* NavigationTests */,
				FF639BAE2910F64A00DDB0BD /* NavigationUITests */,
				FF639B8C2910F64900DDB0BD /* Products */,
			);
			sourceTree = "<group>";
		};
		FF639B8C2910F64900DDB0BD /* Products */ = {
			isa = PBXGroup;
			children = (
				FF639B8B2910F64900DDB0BD /* Navigation.app */,
				FF639BA12910F64900DDB0BD /* NavigationTests.xctest */,
				FF639BAB2910F64A00DDB0BD /* NavigationUITests.xctest */,
			);
			name = Products;
			sourceTree = "<group>";
		};
		FF639B8D2910F64900DDB0BD /* Navigation */ = {
			isa = PBXGroup;
			children = (
				FF639B8E2910F64900DDB0BD /* AppDelegate.swift */,
				FF639B902910F64900DDB0BD /* SceneDelegate.swift */,
				FF639B922910F64900DDB0BD /* ViewController.swift */,
				FF639B942910F64900DDB0BD /* Main.storyboard */,
				FF639B972910F64900DDB0BD /* Assets.xcassets */,
				FF639B992910F64900DDB0BD /* LaunchScreen.storyboard */,
				FF639B9C2910F64900DDB0BD /* Info.plist */,
			);
			path = Navigation;
			sourceTree = "<group>";
		};
		FF639BA42910F64900DDB0BD /* NavigationTests */ = {
			isa = PBXGroup;
			children = (
				FF639BA52910F64900DDB0BD /* NavigationTests.swift */,
			);
			path = NavigationTests;
			sourceTree = "<group>";
		};
		FF639BAE2910F64A00DDB0BD /* NavigationUITests */ = {
			isa = PBXGroup;
			children = (
				FF639BAF2910F64A00DDB0BD /* NavigationUITests.swift */,
				FF639BB12910F64A00DDB0BD /* NavigationUITestsLaunchTests.swift */,
			);
			path = NavigationUITests;
			sourceTree = "<group>";
		};
/* End PBXGroup section */

/* Begin PBXNativeTarget section */
		FF639B8A2910F64900DDB0BD /* Navigation */ = {
			isa = PBXNativeTarget;
			buildConfigurationList = FF639BB52910F64A00DDB0BD /* Build configuration list for PBXNativeTarget "Navigation" */;
			buildPhases = (
				FF639B872910F64900DDB0BD /* Sources */,
				FF639B882910F64900DDB0BD /* Frameworks */,
				FF639B892910F64900DDB0BD /* Resources */,
			);
			buildRules = (
			);
			dependencies = (
			);
			name = Navigation;
			productName = Navigation;
			productReference = FF639B8B2910F64900DDB0BD /* Navigation.app */;
			productType = "com.apple.product-type.application";
		};
		FF639BA02910F64900DDB0BD /* NavigationTests */ = {
			isa = PBXNativeTarget;
			buildConfigurationList = FF639BB82910F64A00DDB0BD /* Build configuration list for PBXNativeTarget "NavigationTests" */;
			buildPhases = (
				FF639B9D2910F64900DDB0BD /* Sources */,
				FF639B9E2910F64900DDB0BD /* Frameworks */,
				FF639B9F2910F64900DDB0BD /* Resources */,
			);
			buildRules = (
			);
			dependencies = (
				FF639BA32910F64900DDB0BD /* PBXTargetDependency */,
			);
			name = NavigationTests;
			productName = NavigationTests;
			productReference = FF639BA12910F64900DDB0BD /* NavigationTests.xctest */;
			productType = "com.apple.product-type.bundle.unit-test";
		};
		FF639BAA2910F64A00DDB0BD /* NavigationUITests */ = {
			isa = PBXNativeTarget;
			buildConfigurationList = FF639BBB2910F64A00DDB0BD /* Build configuration list for PBXNativeTarget "NavigationUITests" */;
			buildPhases = (
				FF639BA72910F64A00DDB0BD /* Sources */,
				FF639BA82910F64A00DDB0BD /* Frameworks */,
				FF639BA92910F64A00DDB0BD /* Resources */,
			);
			buildRules = (
			);
			dependencies = (
				FF639BAD2910F64A00DDB0BD /* PBXTargetDependency */,
			);
			name = NavigationUITests;
			productName = NavigationUITests;
			productReference = FF639BAB2910F64A00DDB0BD /* NavigationUITests.xctest */;
			productType = "com.apple.product-type.bundle.ui-testing";
		};
/* End PBXNativeTarget section */

/* Begin PBXProject section */
		FF639B832910F64900DDB0BD /* Project object */ = {
			isa = PBXProject;
			attributes = {
				BuildIndependentTargetsInParallel = 1;
				LastSwiftUpdateCheck = 1400;
				LastUpgradeCheck = 1400;
				TargetAttributes = {
					FF639B8A2910F64900DDB0BD = {
						CreatedOnToolsVersion = 14.0.1;
					};
					FF639BA02910F64900DDB0BD = {
						CreatedOnToolsVersion = 14.0.1;
						TestTargetID = FF639B8A2910F64900DDB0BD;
					};
					FF639BAA2910F64A00DDB0BD = {
						CreatedOnToolsVersion = 14.0.1;
						TestTargetID = FF639B8A2910F64900DDB0BD;
					};
				};
			};
			buildConfigurationList = FF639B862910F64900DDB0BD /* Build configuration list for PBXProject "Navigation" */;
			compatibilityVersion = "Xcode 14.0";
			developmentRegion = en;
			hasScannedForEncodings = 0;
			knownRegions = (
				en,
				Base,
			);
			mainGroup = FF639B822910F64900DDB0BD;
			productRefGroup = FF639B8C2910F64900DDB0BD /* Products */;
			projectDirPath = "";
			projectRoot = "";
			targets = (
				FF639B8A2910F64900DDB0BD /* Navigation */,
				FF639BA02910F64900DDB0BD /* NavigationTests */,
				FF639BAA2910F64A00DDB0BD /* NavigationUITests */,
			);
		};
/* End PBXProject section */

/* Begin PBXResourcesBuildPhase section */
		FF639B892910F64900DDB0BD /* Resources */ = {
			isa = PBXResourcesBuildPhase;
			buildActionMask = 2147483647;
			files = (
				FF639B9B2910F64900DDB0BD /* LaunchScreen.storyboard in Resources */,
				FF639B982910F64900DDB0BD /* Assets.xcassets in Resources */,
				FF639B962910F64900DDB0BD /* Main.storyboard in Resources */,
			);
			runOnlyForDeploymentPostprocessing = 0;
		};
		FF639B9F2910F64900DDB0BD /* Resources */ = {
			isa = PBXResourcesBuildPhase;
			buildActionMask = 2147483647;
			files = (
			);
			runOnlyForDeploymentPostprocessing = 0;
		};
		FF639BA92910F64A00DDB0BD /* Resources */ = {
			isa = PBXResourcesBuildPhase;
			buildActionMask = 2147483647;
			files = (
			);
			runOnlyForDeploymentPostprocessing = 0;
		};
/* End PBXResourcesBuildPhase section */

/* Begin PBXSourcesBuildPhase section */
		FF639B872910F64900DDB0BD /* Sources */ = {
			isa = PBXSourcesBuildPhase;
			buildActionMask = 2147483647;
			files = (
				FF639B932910F64900DDB0BD /* ViewController.swift in Sources */,
				FF639B8F2910F64900DDB0BD /* AppDelegate.swift in Sources */,
				FF639B912910F64900DDB0BD /* SceneDelegate.swift in Sources */,
			);
			runOnlyForDeploymentPostprocessing = 0;
		};
		FF639B9D2910F64900DDB0BD /* Sources */ = {
			isa = PBXSourcesBuildPhase;
			buildActionMask = 2147483647;
			files = (
				FF639BA62910F64900DDB0BD /* NavigationTests.swift in Sources */,
			);
			runOnlyForDeploymentPostprocessing = 0;
		};
		FF639BA72910F64A00DDB0BD /* Sources */ = {
			isa = PBXSourcesBuildPhase;
			buildActionMask = 2147483647;
			files = (
				FF639BB22910F64A00DDB0BD /* NavigationUITestsLaunchTests.swift in Sources */,
				FF639BB02910F64A00DDB0BD /* NavigationUITests.swift in Sources */,
			);
			runOnlyForDeploymentPostprocessing = 0;
		};
/* End PBXSourcesBuildPhase section */

/* Begin PBXTargetDependency section */
		FF639BA32910F64900DDB0BD /* PBXTargetDependency */ = {
			isa = PBXTargetDependency;
			target = FF639B8A2910F64900DDB0BD /* Navigation */;
			targetProxy = FF639BA22910F64900DDB0BD /* PBXContainerItemProxy */;
		};
		FF639BAD2910F64A00DDB0BD /* PBXTargetDependency */ = {
			isa = PBXTargetDependency;
			target = FF639B8A2910F64900DDB0BD /* Navigation */;
			targetProxy = FF639BAC2910F64A00DDB0BD /* PBXContainerItemProxy */;
		};
/* End PBXTargetDependency section */

/* Begin PBXVariantGroup section */
		FF639B942910F64900DDB0BD /* Main.storyboard */ = {
			isa = PBXVariantGroup;
			children = (
				FF639B952910F64900DDB0BD /* Base */,
			);
			name = Main.storyboard;
			sourceTree = "<group>";
		};
		FF639B992910F64900DDB0BD /* LaunchScreen.storyboard */ = {
			isa = PBXVariantGroup;
			children = (
				FF639B9A2910F64900DDB0BD /* Base */,
			);
			name = LaunchScreen.storyboard;
			sourceTree = "<group>";
		};
/* End PBXVariantGroup section */

/* Begin XCBuildConfiguration section */
		FF639BB32910F64A00DDB0BD /* Debug */ = {
			isa = XCBuildConfiguration;
			buildSettings = {
				ALWAYS_SEARCH_USER_PATHS = NO;
				CLANG_ANALYZER_NONNULL = YES;
				CLANG_ANALYZER_NUMBER_OBJECT_CONVERSION = YES_AGGRESSIVE;
				CLANG_CXX_LANGUAGE_STANDARD = "gnu++20";
				CLANG_ENABLE_MODULES = YES;
				CLANG_ENABLE_OBJC_ARC = YES;
				CLANG_ENABLE_OBJC_WEAK = YES;
				CLANG_WARN_BLOCK_CAPTURE_AUTORELEASING = YES;
				CLANG_WARN_BOOL_CONVERSION = YES;
				CLANG_WARN_COMMA = YES;
				CLANG_WARN_CONSTANT_CONVERSION = YES;
				CLANG_WARN_DEPRECATED_OBJC_IMPLEMENTATIONS = YES;
				CLANG_WARN_DIRECT_OBJC_ISA_USAGE = YES_ERROR;
				CLANG_WARN_DOCUMENTATION_COMMENTS = YES;
				CLANG_WARN_EMPTY_BODY = YES;
				CLANG_WARN_ENUM_CONVERSION = YES;
				CLANG_WARN_INFINITE_RECURSION = YES;
				CLANG_WARN_INT_CONVERSION = YES;
				CLANG_WARN_NON_LITERAL_NULL_CONVERSION = YES;
				CLANG_WARN_OBJC_IMPLICIT_RETAIN_SELF = YES;
				CLANG_WARN_OBJC_LITERAL_CONVERSION = YES;
				CLANG_WARN_OBJC_ROOT_CLASS = YES_ERROR;
				CLANG_WARN_QUOTED_INCLUDE_IN_FRAMEWORK_HEADER = YES;
				CLANG_WARN_RANGE_LOOP_ANALYSIS = YES;
				CLANG_WARN_STRICT_PROTOTYPES = YES;
				CLANG_WARN_SUSPICIOUS_MOVE = YES;
				CLANG_WARN_UNGUARDED_AVAILABILITY = YES_AGGRESSIVE;
				CLANG_WARN_UNREACHABLE_CODE = YES;
				CLANG_WARN__DUPLICATE_METHOD_MATCH = YES;
				COPY_PHASE_STRIP = NO;
				DEBUG_INFORMATION_FORMAT = dwarf;
				ENABLE_STRICT_OBJC_MSGSEND = YES;
				ENABLE_TESTABILITY = YES;
				GCC_C_LANGUAGE_STANDARD = gnu11;
				GCC_DYNAMIC_NO_PIC = NO;
				GCC_NO_COMMON_BLOCKS = YES;
				GCC_OPTIMIZATION_LEVEL = 0;
				GCC_PREPROCESSOR_DEFINITIONS = (
					"DEBUG=1",
					"$(inherited)",
				);
				GCC_WARN_64_TO_32_BIT_CONVERSION = YES;
				GCC_WARN_ABOUT_RETURN_TYPE = YES_ERROR;
				GCC_WARN_UNDECLARED_SELECTOR = YES;
				GCC_WARN_UNINITIALIZED_AUTOS = YES_AGGRESSIVE;
				GCC_WARN_UNUSED_FUNCTION = YES;
				GCC_WARN_UNUSED_VARIABLE = YES;
				IPHONEOS_DEPLOYMENT_TARGET = 16.0;
				MTL_ENABLE_DEBUG_INFO = INCLUDE_SOURCE;
				MTL_FAST_MATH = YES;
				ONLY_ACTIVE_ARCH = YES;
				SDKROOT = iphoneos;
				SWIFT_ACTIVE_COMPILATION_CONDITIONS = DEBUG;
				SWIFT_OPTIMIZATION_LEVEL = "-Onone";
			};
			name = Debug;
		};
		FF639BB42910F64A00DDB0BD /* Release */ = {
			isa = XCBuildConfiguration;
			buildSettings = {
				ALWAYS_SEARCH_USER_PATHS = NO;
				CLANG_ANALYZER_NONNULL = YES;
				CLANG_ANALYZER_NUMBER_OBJECT_CONVERSION = YES_AGGRESSIVE;
				CLANG_CXX_LANGUAGE_STANDARD = "gnu++20";
				CLANG_ENABLE_MODULES = YES;
				CLANG_ENABLE_OBJC_ARC = YES;
				CLANG_ENABLE_OBJC_WEAK = YES;
				CLANG_WARN_BLOCK_CAPTURE_AUTORELEASING = YES;
				CLANG_WARN_BOOL_CONVERSION = YES;
				CLANG_WARN_COMMA = YES;
				CLANG_WARN_CONSTANT_CONVERSION = YES;
				CLANG_WARN_DEPRECATED_OBJC_IMPLEMENTATIONS = YES;
				CLANG_WARN_DIRECT_OBJC_ISA_USAGE = YES_ERROR;
				CLANG_WARN_DOCUMENTATION_COMMENTS = YES;
				CLANG_WARN_EMPTY_BODY = YES;
				CLANG_WARN_ENUM_CONVERSION = YES;
				CLANG_WARN_INFINITE_RECURSION = YES;
				CLANG_WARN_INT_CONVERSION = YES;
				CLANG_WARN_NON_LITERAL_NULL_CONVERSION = YES;
				CLANG_WARN_OBJC_IMPLICIT_RETAIN_SELF = YES;
				CLANG_WARN_OBJC_LITERAL_CONVERSION = YES;
				CLANG_WARN_OBJC_ROOT_CLASS = YES_ERROR;
				CLANG_WARN_QUOTED_INCLUDE_IN_FRAMEWORK_HEADER = YES;
				CLANG_WARN_RANGE_LOOP_ANALYSIS = YES;
				CLANG_WARN_STRICT_PROTOTYPES = YES;
				CLANG_WARN_SUSPICIOUS_MOVE = YES;
				CLANG_WARN_UNGUARDED_AVAILABILITY = YES_AGGRESSIVE;
				CLANG_WARN_UNREACHABLE_CODE = YES;
				CLANG_WARN__DUPLICATE_METHOD_MATCH = YES;
				COPY_PHASE_STRIP = NO;
				DEBUG_INFORMATION_FORMAT = "dwarf-with-dsym";
				ENABLE_NS_ASSERTIONS = NO;
				ENABLE_STRICT_OBJC_MSGSEND = YES;
				GCC_C_LANGUAGE_STANDARD = gnu11;
				GCC_NO_COMMON_BLOCKS = YES;
				GCC_WARN_64_TO_32_BIT_CONVERSION = YES;
				GCC_WARN_ABOUT_RETURN_TYPE = YES_ERROR;
				GCC_WARN_UNDECLARED_SELECTOR = YES;
				GCC_WARN_UNINITIALIZED_AUTOS = YES_AGGRESSIVE;
				GCC_WARN_UNUSED_FUNCTION = YES;
				GCC_WARN_UNUSED_VARIABLE = YES;
				IPHONEOS_DEPLOYMENT_TARGET = 16.0;
				MTL_ENABLE_DEBUG_INFO = NO;
				MTL_FAST_MATH = YES;
				SDKROOT = iphoneos;
				SWIFT_COMPILATION_MODE = wholemodule;
				SWIFT_OPTIMIZATION_LEVEL = "-O";
				VALIDATE_PRODUCT = YES;
			};
			name = Release;
		};
		FF639BB62910F64A00DDB0BD /* Debug */ = {
			isa = XCBuildConfiguration;
			buildSettings = {
				ASSETCATALOG_COMPILER_APPICON_NAME = AppIcon;
				ASSETCATALOG_COMPILER_GLOBAL_ACCENT_COLOR_NAME = AccentColor;
				CODE_SIGN_STYLE = Automatic;
				CURRENT_PROJECT_VERSION = 1;
				GENERATE_INFOPLIST_FILE = YES;
				INFOPLIST_FILE = Navigation/Info.plist;
				INFOPLIST_KEY_UIApplicationSupportsIndirectInputEvents = YES;
				INFOPLIST_KEY_UILaunchStoryboardName = LaunchScreen;
				INFOPLIST_KEY_UIMainStoryboardFile = Main;
				INFOPLIST_KEY_UISupportedInterfaceOrientations_iPad = "UIInterfaceOrientationPortrait UIInterfaceOrientationPortraitUpsideDown UIInterfaceOrientationLandscapeLeft UIInterfaceOrientationLandscapeRight";
				INFOPLIST_KEY_UISupportedInterfaceOrientations_iPhone = "UIInterfaceOrientationPortrait UIInterfaceOrientationLandscapeLeft UIInterfaceOrientationLandscapeRight";
				LD_RUNPATH_SEARCH_PATHS = (
					"$(inherited)",
					"@executable_path/Frameworks",
				);
				MARKETING_VERSION = 1.0;
				PRODUCT_BUNDLE_IDENTIFIER = Alex.Navigation;
				PRODUCT_NAME = "$(TARGET_NAME)";
				SWIFT_EMIT_LOC_STRINGS = YES;
				SWIFT_VERSION = 5.0;
				TARGETED_DEVICE_FAMILY = "1,2";
			};
			name = Debug;
		};
		FF639BB72910F64A00DDB0BD /* Release */ = {
			isa = XCBuildConfiguration;
			buildSettings = {
				ASSETCATALOG_COMPILER_APPICON_NAME = AppIcon;
				ASSETCATALOG_COMPILER_GLOBAL_ACCENT_COLOR_NAME = AccentColor;
				CODE_SIGN_STYLE = Automatic;
				CURRENT_PROJECT_VERSION = 1;
				GENERATE_INFOPLIST_FILE = YES;
				INFOPLIST_FILE = Navigation/Info.plist;
				INFOPLIST_KEY_UIApplicationSupportsIndirectInputEvents = YES;
				INFOPLIST_KEY_UILaunchStoryboardName = LaunchScreen;
				INFOPLIST_KEY_UIMainStoryboardFile = Main;
				INFOPLIST_KEY_UISupportedInterfaceOrientations_iPad = "UIInterfaceOrientationPortrait UIInterfaceOrientationPortraitUpsideDown UIInterfaceOrientationLandscapeLeft UIInterfaceOrientationLandscapeRight";
				INFOPLIST_KEY_UISupportedInterfaceOrientations_iPhone = "UIInterfaceOrientationPortrait UIInterfaceOrientationLandscapeLeft UIInterfaceOrientationLandscapeRight";
				LD_RUNPATH_SEARCH_PATHS = (
					"$(inherited)",
					"@executable_path/Frameworks",
				);
				MARKETING_VERSION = 1.0;
				PRODUCT_BUNDLE_IDENTIFIER = Alex.Navigation;
				PRODUCT_NAME = "$(TARGET_NAME)";
				SWIFT_EMIT_LOC_STRINGS = YES;
				SWIFT_VERSION = 5.0;
				TARGETED_DEVICE_FAMILY = "1,2";
			};
			name = Release;
		};
		FF639BB92910F64A00DDB0BD /* Debug */ = {
			isa = XCBuildConfiguration;
			buildSettings = {
				ALWAYS_EMBED_SWIFT_STANDARD_LIBRARIES = YES;
				BUNDLE_LOADER = "$(TEST_HOST)";
				CODE_SIGN_STYLE = Automatic;
				CURRENT_PROJECT_VERSION = 1;
				GENERATE_INFOPLIST_FILE = YES;
				IPHONEOS_DEPLOYMENT_TARGET = 16.0;
				MARKETING_VERSION = 1.0;
				PRODUCT_BUNDLE_IDENTIFIER = Alex.NavigationTests;
				PRODUCT_NAME = "$(TARGET_NAME)";
				SWIFT_EMIT_LOC_STRINGS = NO;
				SWIFT_VERSION = 5.0;
				TARGETED_DEVICE_FAMILY = "1,2";
				TEST_HOST = "$(BUILT_PRODUCTS_DIR)/Navigation.app/$(BUNDLE_EXECUTABLE_FOLDER_PATH)/Navigation";
			};
			name = Debug;
		};
		FF639BBA2910F64A00DDB0BD /* Release */ = {
			isa = XCBuildConfiguration;
			buildSettings = {
				ALWAYS_EMBED_SWIFT_STANDARD_LIBRARIES = YES;
				BUNDLE_LOADER = "$(TEST_HOST)";
				CODE_SIGN_STYLE = Automatic;
				CURRENT_PROJECT_VERSION = 1;
				GENERATE_INFOPLIST_FILE = YES;
				IPHONEOS_DEPLOYMENT_TARGET = 16.0;
				MARKETING_VERSION = 1.0;
				PRODUCT_BUNDLE_IDENTIFIER = Alex.NavigationTests;
				PRODUCT_NAME = "$(TARGET_NAME)";
				SWIFT_EMIT_LOC_STRINGS = NO;
				SWIFT_VERSION = 5.0;
				TARGETED_DEVICE_FAMILY = "1,2";
				TEST_HOST = "$(BUILT_PRODUCTS_DIR)/Navigation.app/$(BUNDLE_EXECUTABLE_FOLDER_PATH)/Navigation";
			};
			name = Release;
		};
		FF639BBC2910F64A00DDB0BD /* Debug */ = {
			isa = XCBuildConfiguration;
			buildSettings = {
				ALWAYS_EMBED_SWIFT_STANDARD_LIBRARIES = YES;
				CODE_SIGN_STYLE = Automatic;
				CURRENT_PROJECT_VERSION = 1;
				GENERATE_INFOPLIST_FILE = YES;
				MARKETING_VERSION = 1.0;
				PRODUCT_BUNDLE_IDENTIFIER = Alex.NavigationUITests;
				PRODUCT_NAME = "$(TARGET_NAME)";
				SWIFT_EMIT_LOC_STRINGS = NO;
				SWIFT_VERSION = 5.0;
				TARGETED_DEVICE_FAMILY = "1,2";
				TEST_TARGET_NAME = Navigation;
			};
			name = Debug;
		};
		FF639BBD2910F64A00DDB0BD /* Release */ = {
			isa = XCBuildConfiguration;
			buildSettings = {
				ALWAYS_EMBED_SWIFT_STANDARD_LIBRARIES = YES;
				CODE_SIGN_STYLE = Automatic;
				CURRENT_PROJECT_VERSION = 1;
				GENERATE_INFOPLIST_FILE = YES;
				MARKETING_VERSION = 1.0;
				PRODUCT_BUNDLE_IDENTIFIER = Alex.NavigationUITests;
				PRODUCT_NAME = "$(TARGET_NAME)";
				SWIFT_EMIT_LOC_STRINGS = NO;
				SWIFT_VERSION = 5.0;
				TARGETED_DEVICE_FAMILY = "1,2";
				TEST_TARGET_NAME = Navigation;
			};
			name = Release;
		};
/* End XCBuildConfiguration section */

/* Begin XCConfigurationList section */
		FF639B862910F64900DDB0BD /* Build configuration list for PBXProject "Navigation" */ = {
			isa = XCConfigurationList;
			buildConfigurations = (
				FF639BB32910F64A00DDB0BD /* Debug */,
				FF639BB42910F64A00DDB0BD /* Release */,
			);
			defaultConfigurationIsVisible = 0;
			defaultConfigurationName = Release;
		};
		FF639BB52910F64A00DDB0BD /* Build configuration list for PBXNativeTarget "Navigation" */ = {
			isa = XCConfigurationList;
			buildConfigurations = (
				FF639BB62910F64A00DDB0BD /* Debug */,
				FF639BB72910F64A00DDB0BD /* Release */,
			);
			defaultConfigurationIsVisible = 0;
			defaultConfigurationName = Release;
		};
		FF639BB82910F64A00DDB0BD /* Build configuration list for PBXNativeTarget "NavigationTests" */ = {
			isa = XCConfigurationList;
			buildConfigurations = (
				FF639BB92910F64A00DDB0BD /* Debug */,
				FF639BBA2910F64A00DDB0BD /* Release */,
			);
			defaultConfigurationIsVisible = 0;
			defaultConfigurationName = Release;
		};
		FF639BBB2910F64A00DDB0BD /* Build configuration list for PBXNativeTarget "NavigationUITests" */ = {
			isa = XCConfigurationList;
			buildConfigurations = (
				FF639BBC2910F64A00DDB0BD /* Debug */,
				FF639BBD2910F64A00DDB0BD /* Release */,
			);
			defaultConfigurationIsVisible = 0;
			defaultConfigurationName = Release;
		};
/* End XCConfigurationList section */
	};
	rootObject = FF639B832910F64900DDB0BD /* Project object */;
}
