// !$*UTF8*$!
{
	archiveVersion = 1;
	classes = {
	};
	objectVersion = 56;
	objects = {

/* Begin PBXBuildFile section */
		FFFEF834292359320025FB74 /* AppDelegate.swift in Sources */ = {isa = PBXBuildFile; fileRef = FFFEF833292359320025FB74 /* AppDelegate.swift */; };
		FFFEF836292359320025FB74 /* SceneDelegate.swift in Sources */ = {isa = PBXBuildFile; fileRef = FFFEF835292359320025FB74 /* SceneDelegate.swift */; };
		FFFEF838292359320025FB74 /* ViewController.swift in Sources */ = {isa = PBXBuildFile; fileRef = FFFEF837292359320025FB74 /* ViewController.swift */; };
		FFFEF83D292359350025FB74 /* Assets.xcassets in Resources */ = {isa = PBXBuildFile; fileRef = FFFEF83C292359350025FB74 /* Assets.xcassets */; };
		FFFEF840292359350025FB74 /* LaunchScreen.storyboard in Resources */ = {isa = PBXBuildFile; fileRef = FFFEF83E292359350025FB74 /* LaunchScreen.storyboard */; };
		FFFEF84B292359350025FB74 /* Homework_3Tests.swift in Sources */ = {isa = PBXBuildFile; fileRef = FFFEF84A292359350025FB74 /* Homework_3Tests.swift */; };
		FFFEF855292359350025FB74 /* Homework_3UITests.swift in Sources */ = {isa = PBXBuildFile; fileRef = FFFEF854292359350025FB74 /* Homework_3UITests.swift */; };
		FFFEF857292359350025FB74 /* Homework_3UITestsLaunchTests.swift in Sources */ = {isa = PBXBuildFile; fileRef = FFFEF856292359350025FB74 /* Homework_3UITestsLaunchTests.swift */; };
		FFFEF865292359B20025FB74 /* ProfileViewController.swift in Sources */ = {isa = PBXBuildFile; fileRef = FFFEF864292359B20025FB74 /* ProfileViewController.swift */; };
		FFFEF86729235B090025FB74 /* FeedViewController.swift in Sources */ = {isa = PBXBuildFile; fileRef = FFFEF86629235B090025FB74 /* FeedViewController.swift */; };
		FFFEF869292363260025FB74 /* ProfileHeaderView.swift in Sources */ = {isa = PBXBuildFile; fileRef = FFFEF868292363260025FB74 /* ProfileHeaderView.swift */; };
/* End PBXBuildFile section */

/* Begin PBXContainerItemProxy section */
		FFFEF847292359350025FB74 /* PBXContainerItemProxy */ = {
			isa = PBXContainerItemProxy;
			containerPortal = FFFEF828292359320025FB74 /* Project object */;
			proxyType = 1;
			remoteGlobalIDString = FFFEF82F292359320025FB74;
			remoteInfo = "Homework 3";
		};
		FFFEF851292359350025FB74 /* PBXContainerItemProxy */ = {
			isa = PBXContainerItemProxy;
			containerPortal = FFFEF828292359320025FB74 /* Project object */;
			proxyType = 1;
			remoteGlobalIDString = FFFEF82F292359320025FB74;
			remoteInfo = "Homework 3";
		};
/* End PBXContainerItemProxy section */

/* Begin PBXFileReference section */
		FFFEF830292359320025FB74 /* Homework 3.app */ = {isa = PBXFileReference; explicitFileType = wrapper.application; includeInIndex = 0; path = "Homework 3.app"; sourceTree = BUILT_PRODUCTS_DIR; };
		FFFEF833292359320025FB74 /* AppDelegate.swift */ = {isa = PBXFileReference; lastKnownFileType = sourcecode.swift; path = AppDelegate.swift; sourceTree = "<group>"; };
		FFFEF835292359320025FB74 /* SceneDelegate.swift */ = {isa = PBXFileReference; lastKnownFileType = sourcecode.swift; path = SceneDelegate.swift; sourceTree = "<group>"; };
		FFFEF837292359320025FB74 /* ViewController.swift */ = {isa = PBXFileReference; lastKnownFileType = sourcecode.swift; path = ViewController.swift; sourceTree = "<group>"; };
		FFFEF83C292359350025FB74 /* Assets.xcassets */ = {isa = PBXFileReference; lastKnownFileType = folder.assetcatalog; path = Assets.xcassets; sourceTree = "<group>"; };
		FFFEF83F292359350025FB74 /* Base */ = {isa = PBXFileReference; lastKnownFileType = file.storyboard; name = Base; path = Base.lproj/LaunchScreen.storyboard; sourceTree = "<group>"; };
		FFFEF841292359350025FB74 /* Info.plist */ = {isa = PBXFileReference; lastKnownFileType = text.plist.xml; path = Info.plist; sourceTree = "<group>"; };
		FFFEF846292359350025FB74 /* Homework 3Tests.xctest */ = {isa = PBXFileReference; explicitFileType = wrapper.cfbundle; includeInIndex = 0; path = "Homework 3Tests.xctest"; sourceTree = BUILT_PRODUCTS_DIR; };
		FFFEF84A292359350025FB74 /* Homework_3Tests.swift */ = {isa = PBXFileReference; lastKnownFileType = sourcecode.swift; path = Homework_3Tests.swift; sourceTree = "<group>"; };
		FFFEF850292359350025FB74 /* Homework 3UITests.xctest */ = {isa = PBXFileReference; explicitFileType = wrapper.cfbundle; includeInIndex = 0; path = "Homework 3UITests.xctest"; sourceTree = BUILT_PRODUCTS_DIR; };
		FFFEF854292359350025FB74 /* Homework_3UITests.swift */ = {isa = PBXFileReference; lastKnownFileType = sourcecode.swift; path = Homework_3UITests.swift; sourceTree = "<group>"; };
		FFFEF856292359350025FB74 /* Homework_3UITestsLaunchTests.swift */ = {isa = PBXFileReference; lastKnownFileType = sourcecode.swift; path = Homework_3UITestsLaunchTests.swift; sourceTree = "<group>"; };
		FFFEF864292359B20025FB74 /* ProfileViewController.swift */ = {isa = PBXFileReference; lastKnownFileType = sourcecode.swift; path = ProfileViewController.swift; sourceTree = "<group>"; };
		FFFEF86629235B090025FB74 /* FeedViewController.swift */ = {isa = PBXFileReference; lastKnownFileType = sourcecode.swift; path = FeedViewController.swift; sourceTree = "<group>"; };
		FFFEF868292363260025FB74 /* ProfileHeaderView.swift */ = {isa = PBXFileReference; lastKnownFileType = sourcecode.swift; path = ProfileHeaderView.swift; sourceTree = "<group>"; };
/* End PBXFileReference section */

/* Begin PBXFrameworksBuildPhase section */
		FFFEF82D292359320025FB74 /* Frameworks */ = {
			isa = PBXFrameworksBuildPhase;
			buildActionMask = 2147483647;
			files = (
			);
			runOnlyForDeploymentPostprocessing = 0;
		};
		FFFEF843292359350025FB74 /* Frameworks */ = {
			isa = PBXFrameworksBuildPhase;
			buildActionMask = 2147483647;
			files = (
			);
			runOnlyForDeploymentPostprocessing = 0;
		};
		FFFEF84D292359350025FB74 /* Frameworks */ = {
			isa = PBXFrameworksBuildPhase;
			buildActionMask = 2147483647;
			files = (
			);
			runOnlyForDeploymentPostprocessing = 0;
		};
/* End PBXFrameworksBuildPhase section */

/* Begin PBXGroup section */
		FFFEF827292359320025FB74 = {
			isa = PBXGroup;
			children = (
				FFFEF832292359320025FB74 /* Homework 3 */,
				FFFEF849292359350025FB74 /* Homework 3Tests */,
				FFFEF853292359350025FB74 /* Homework 3UITests */,
				FFFEF831292359320025FB74 /* Products */,
			);
			sourceTree = "<group>";
		};
		FFFEF831292359320025FB74 /* Products */ = {
			isa = PBXGroup;
			children = (
				FFFEF830292359320025FB74 /* Homework 3.app */,
				FFFEF846292359350025FB74 /* Homework 3Tests.xctest */,
				FFFEF850292359350025FB74 /* Homework 3UITests.xctest */,
			);
			name = Products;
			sourceTree = "<group>";
		};
		FFFEF832292359320025FB74 /* Homework 3 */ = {
			isa = PBXGroup;
			children = (
				FFFEF863292359960025FB74 /* Profile */,
				FFFEF833292359320025FB74 /* AppDelegate.swift */,
				FFFEF835292359320025FB74 /* SceneDelegate.swift */,
				FFFEF837292359320025FB74 /* ViewController.swift */,
				FFFEF83C292359350025FB74 /* Assets.xcassets */,
				FFFEF83E292359350025FB74 /* LaunchScreen.storyboard */,
				FFFEF841292359350025FB74 /* Info.plist */,
				FFFEF86629235B090025FB74 /* FeedViewController.swift */,
			);
			path = "Homework 3";
			sourceTree = "<group>";
		};
		FFFEF849292359350025FB74 /* Homework 3Tests */ = {
			isa = PBXGroup;
			children = (
				FFFEF84A292359350025FB74 /* Homework_3Tests.swift */,
			);
			path = "Homework 3Tests";
			sourceTree = "<group>";
		};
		FFFEF853292359350025FB74 /* Homework 3UITests */ = {
			isa = PBXGroup;
			children = (
				FFFEF854292359350025FB74 /* Homework_3UITests.swift */,
				FFFEF856292359350025FB74 /* Homework_3UITestsLaunchTests.swift */,
			);
			path = "Homework 3UITests";
			sourceTree = "<group>";
		};
		FFFEF863292359960025FB74 /* Profile */ = {
			isa = PBXGroup;
			children = (
				FFFEF864292359B20025FB74 /* ProfileViewController.swift */,
				FFFEF868292363260025FB74 /* ProfileHeaderView.swift */,
			);
			path = Profile;
			sourceTree = "<group>";
		};
/* End PBXGroup section */

/* Begin PBXNativeTarget section */
		FFFEF82F292359320025FB74 /* Homework 3 */ = {
			isa = PBXNativeTarget;
			buildConfigurationList = FFFEF85A292359350025FB74 /* Build configuration list for PBXNativeTarget "Homework 3" */;
			buildPhases = (
				FFFEF82C292359320025FB74 /* Sources */,
				FFFEF82D292359320025FB74 /* Frameworks */,
				FFFEF82E292359320025FB74 /* Resources */,
			);
			buildRules = (
			);
			dependencies = (
			);
			name = "Homework 3";
			productName = "Homework 3";
			productReference = FFFEF830292359320025FB74 /* Homework 3.app */;
			productType = "com.apple.product-type.application";
		};
		FFFEF845292359350025FB74 /* Homework 3Tests */ = {
			isa = PBXNativeTarget;
			buildConfigurationList = FFFEF85D292359350025FB74 /* Build configuration list for PBXNativeTarget "Homework 3Tests" */;
			buildPhases = (
				FFFEF842292359350025FB74 /* Sources */,
				FFFEF843292359350025FB74 /* Frameworks */,
				FFFEF844292359350025FB74 /* Resources */,
			);
			buildRules = (
			);
			dependencies = (
				FFFEF848292359350025FB74 /* PBXTargetDependency */,
			);
			name = "Homework 3Tests";
			productName = "Homework 3Tests";
			productReference = FFFEF846292359350025FB74 /* Homework 3Tests.xctest */;
			productType = "com.apple.product-type.bundle.unit-test";
		};
		FFFEF84F292359350025FB74 /* Homework 3UITests */ = {
			isa = PBXNativeTarget;
			buildConfigurationList = FFFEF860292359350025FB74 /* Build configuration list for PBXNativeTarget "Homework 3UITests" */;
			buildPhases = (
				FFFEF84C292359350025FB74 /* Sources */,
				FFFEF84D292359350025FB74 /* Frameworks */,
				FFFEF84E292359350025FB74 /* Resources */,
			);
			buildRules = (
			);
			dependencies = (
				FFFEF852292359350025FB74 /* PBXTargetDependency */,
			);
			name = "Homework 3UITests";
			productName = "Homework 3UITests";
			productReference = FFFEF850292359350025FB74 /* Homework 3UITests.xctest */;
			productType = "com.apple.product-type.bundle.ui-testing";
		};
/* End PBXNativeTarget section */

/* Begin PBXProject section */
		FFFEF828292359320025FB74 /* Project object */ = {
			isa = PBXProject;
			attributes = {
				BuildIndependentTargetsInParallel = 1;
				LastSwiftUpdateCheck = 1410;
				LastUpgradeCheck = 1410;
				TargetAttributes = {
					FFFEF82F292359320025FB74 = {
						CreatedOnToolsVersion = 14.1;
					};
					FFFEF845292359350025FB74 = {
						CreatedOnToolsVersion = 14.1;
						TestTargetID = FFFEF82F292359320025FB74;
					};
					FFFEF84F292359350025FB74 = {
						CreatedOnToolsVersion = 14.1;
						TestTargetID = FFFEF82F292359320025FB74;
					};
				};
			};
			buildConfigurationList = FFFEF82B292359320025FB74 /* Build configuration list for PBXProject "Homework 3" */;
			compatibilityVersion = "Xcode 14.0";
			developmentRegion = en;
			hasScannedForEncodings = 0;
			knownRegions = (
				en,
				Base,
			);
			mainGroup = FFFEF827292359320025FB74;
			productRefGroup = FFFEF831292359320025FB74 /* Products */;
			projectDirPath = "";
			projectRoot = "";
			targets = (
				FFFEF82F292359320025FB74 /* Homework 3 */,
				FFFEF845292359350025FB74 /* Homework 3Tests */,
				FFFEF84F292359350025FB74 /* Homework 3UITests */,
			);
		};
/* End PBXProject section */

/* Begin PBXResourcesBuildPhase section */
		FFFEF82E292359320025FB74 /* Resources */ = {
			isa = PBXResourcesBuildPhase;
			buildActionMask = 2147483647;
			files = (
				FFFEF840292359350025FB74 /* LaunchScreen.storyboard in Resources */,
				FFFEF83D292359350025FB74 /* Assets.xcassets in Resources */,
			);
			runOnlyForDeploymentPostprocessing = 0;
		};
		FFFEF844292359350025FB74 /* Resources */ = {
			isa = PBXResourcesBuildPhase;
			buildActionMask = 2147483647;
			files = (
			);
			runOnlyForDeploymentPostprocessing = 0;
		};
		FFFEF84E292359350025FB74 /* Resources */ = {
			isa = PBXResourcesBuildPhase;
			buildActionMask = 2147483647;
			files = (
			);
			runOnlyForDeploymentPostprocessing = 0;
		};
/* End PBXResourcesBuildPhase section */

/* Begin PBXSourcesBuildPhase section */
		FFFEF82C292359320025FB74 /* Sources */ = {
			isa = PBXSourcesBuildPhase;
			buildActionMask = 2147483647;
			files = (
				FFFEF838292359320025FB74 /* ViewController.swift in Sources */,
				FFFEF869292363260025FB74 /* ProfileHeaderView.swift in Sources */,
				FFFEF834292359320025FB74 /* AppDelegate.swift in Sources */,
				FFFEF86729235B090025FB74 /* FeedViewController.swift in Sources */,
				FFFEF865292359B20025FB74 /* ProfileViewController.swift in Sources */,
				FFFEF836292359320025FB74 /* SceneDelegate.swift in Sources */,
			);
			runOnlyForDeploymentPostprocessing = 0;
		};
		FFFEF842292359350025FB74 /* Sources */ = {
			isa = PBXSourcesBuildPhase;
			buildActionMask = 2147483647;
			files = (
				FFFEF84B292359350025FB74 /* Homework_3Tests.swift in Sources */,
			);
			runOnlyForDeploymentPostprocessing = 0;
		};
		FFFEF84C292359350025FB74 /* Sources */ = {
			isa = PBXSourcesBuildPhase;
			buildActionMask = 2147483647;
			files = (
				FFFEF857292359350025FB74 /* Homework_3UITestsLaunchTests.swift in Sources */,
				FFFEF855292359350025FB74 /* Homework_3UITests.swift in Sources */,
			);
			runOnlyForDeploymentPostprocessing = 0;
		};
/* End PBXSourcesBuildPhase section */

/* Begin PBXTargetDependency section */
		FFFEF848292359350025FB74 /* PBXTargetDependency */ = {
			isa = PBXTargetDependency;
			target = FFFEF82F292359320025FB74 /* Homework 3 */;
			targetProxy = FFFEF847292359350025FB74 /* PBXContainerItemProxy */;
		};
		FFFEF852292359350025FB74 /* PBXTargetDependency */ = {
			isa = PBXTargetDependency;
			target = FFFEF82F292359320025FB74 /* Homework 3 */;
			targetProxy = FFFEF851292359350025FB74 /* PBXContainerItemProxy */;
		};
/* End PBXTargetDependency section */

/* Begin PBXVariantGroup section */
		FFFEF83E292359350025FB74 /* LaunchScreen.storyboard */ = {
			isa = PBXVariantGroup;
			children = (
				FFFEF83F292359350025FB74 /* Base */,
			);
			name = LaunchScreen.storyboard;
			sourceTree = "<group>";
		};
/* End PBXVariantGroup section */

/* Begin XCBuildConfiguration section */
		FFFEF858292359350025FB74 /* Debug */ = {
			isa = XCBuildConfiguration;
			buildSettings = {
				ALWAYS_SEARCH_USER_PATHS = NO;
				CLANG_ANALYZER_NONNULL = YES;
				CLANG_ANALYZER_NUMBER_OBJECT_CONVERSION = YES_AGGRESSIVE;
				CLANG_CXX_LANGUAGE_STANDARD = "gnu++20";
				CLANG_ENABLE_MODULES = YES;
				CLANG_ENABLE_OBJC_ARC = YES;
				CLANG_ENABLE_OBJC_WEAK = YES;
				CLANG_WARN_BLOCK_CAPTURE_AUTORELEASING = YES;
				CLANG_WARN_BOOL_CONVERSION = YES;
				CLANG_WARN_COMMA = YES;
				CLANG_WARN_CONSTANT_CONVERSION = YES;
				CLANG_WARN_DEPRECATED_OBJC_IMPLEMENTATIONS = YES;
				CLANG_WARN_DIRECT_OBJC_ISA_USAGE = YES_ERROR;
				CLANG_WARN_DOCUMENTATION_COMMENTS = YES;
				CLANG_WARN_EMPTY_BODY = YES;
				CLANG_WARN_ENUM_CONVERSION = YES;
				CLANG_WARN_INFINITE_RECURSION = YES;
				CLANG_WARN_INT_CONVERSION = YES;
				CLANG_WARN_NON_LITERAL_NULL_CONVERSION = YES;
				CLANG_WARN_OBJC_IMPLICIT_RETAIN_SELF = YES;
				CLANG_WARN_OBJC_LITERAL_CONVERSION = YES;
				CLANG_WARN_OBJC_ROOT_CLASS = YES_ERROR;
				CLANG_WARN_QUOTED_INCLUDE_IN_FRAMEWORK_HEADER = YES;
				CLANG_WARN_RANGE_LOOP_ANALYSIS = YES;
				CLANG_WARN_STRICT_PROTOTYPES = YES;
				CLANG_WARN_SUSPICIOUS_MOVE = YES;
				CLANG_WARN_UNGUARDED_AVAILABILITY = YES_AGGRESSIVE;
				CLANG_WARN_UNREACHABLE_CODE = YES;
				CLANG_WARN__DUPLICATE_METHOD_MATCH = YES;
				COPY_PHASE_STRIP = NO;
				DEBUG_INFORMATION_FORMAT = dwarf;
				ENABLE_STRICT_OBJC_MSGSEND = YES;
				ENABLE_TESTABILITY = YES;
				GCC_C_LANGUAGE_STANDARD = gnu11;
				GCC_DYNAMIC_NO_PIC = NO;
				GCC_NO_COMMON_BLOCKS = YES;
				GCC_OPTIMIZATION_LEVEL = 0;
				GCC_PREPROCESSOR_DEFINITIONS = (
					"DEBUG=1",
					"$(inherited)",
				);
				GCC_WARN_64_TO_32_BIT_CONVERSION = YES;
				GCC_WARN_ABOUT_RETURN_TYPE = YES_ERROR;
				GCC_WARN_UNDECLARED_SELECTOR = YES;
				GCC_WARN_UNINITIALIZED_AUTOS = YES_AGGRESSIVE;
				GCC_WARN_UNUSED_FUNCTION = YES;
				GCC_WARN_UNUSED_VARIABLE = YES;
				IPHONEOS_DEPLOYMENT_TARGET = 16.1;
				MTL_ENABLE_DEBUG_INFO = INCLUDE_SOURCE;
				MTL_FAST_MATH = YES;
				ONLY_ACTIVE_ARCH = YES;
				SDKROOT = iphoneos;
				SWIFT_ACTIVE_COMPILATION_CONDITIONS = DEBUG;
				SWIFT_OPTIMIZATION_LEVEL = "-Onone";
			};
			name = Debug;
		};
		FFFEF859292359350025FB74 /* Release */ = {
			isa = XCBuildConfiguration;
			buildSettings = {
				ALWAYS_SEARCH_USER_PATHS = NO;
				CLANG_ANALYZER_NONNULL = YES;
				CLANG_ANALYZER_NUMBER_OBJECT_CONVERSION = YES_AGGRESSIVE;
				CLANG_CXX_LANGUAGE_STANDARD = "gnu++20";
				CLANG_ENABLE_MODULES = YES;
				CLANG_ENABLE_OBJC_ARC = YES;
				CLANG_ENABLE_OBJC_WEAK = YES;
				CLANG_WARN_BLOCK_CAPTURE_AUTORELEASING = YES;
				CLANG_WARN_BOOL_CONVERSION = YES;
				CLANG_WARN_COMMA = YES;
				CLANG_WARN_CONSTANT_CONVERSION = YES;
				CLANG_WARN_DEPRECATED_OBJC_IMPLEMENTATIONS = YES;
				CLANG_WARN_DIRECT_OBJC_ISA_USAGE = YES_ERROR;
				CLANG_WARN_DOCUMENTATION_COMMENTS = YES;
				CLANG_WARN_EMPTY_BODY = YES;
				CLANG_WARN_ENUM_CONVERSION = YES;
				CLANG_WARN_INFINITE_RECURSION = YES;
				CLANG_WARN_INT_CONVERSION = YES;
				CLANG_WARN_NON_LITERAL_NULL_CONVERSION = YES;
				CLANG_WARN_OBJC_IMPLICIT_RETAIN_SELF = YES;
				CLANG_WARN_OBJC_LITERAL_CONVERSION = YES;
				CLANG_WARN_OBJC_ROOT_CLASS = YES_ERROR;
				CLANG_WARN_QUOTED_INCLUDE_IN_FRAMEWORK_HEADER = YES;
				CLANG_WARN_RANGE_LOOP_ANALYSIS = YES;
				CLANG_WARN_STRICT_PROTOTYPES = YES;
				CLANG_WARN_SUSPICIOUS_MOVE = YES;
				CLANG_WARN_UNGUARDED_AVAILABILITY = YES_AGGRESSIVE;
				CLANG_WARN_UNREACHABLE_CODE = YES;
				CLANG_WARN__DUPLICATE_METHOD_MATCH = YES;
				COPY_PHASE_STRIP = NO;
				DEBUG_INFORMATION_FORMAT = "dwarf-with-dsym";
				ENABLE_NS_ASSERTIONS = NO;
				ENABLE_STRICT_OBJC_MSGSEND = YES;
				GCC_C_LANGUAGE_STANDARD = gnu11;
				GCC_NO_COMMON_BLOCKS = YES;
				GCC_WARN_64_TO_32_BIT_CONVERSION = YES;
				GCC_WARN_ABOUT_RETURN_TYPE = YES_ERROR;
				GCC_WARN_UNDECLARED_SELECTOR = YES;
				GCC_WARN_UNINITIALIZED_AUTOS = YES_AGGRESSIVE;
				GCC_WARN_UNUSED_FUNCTION = YES;
				GCC_WARN_UNUSED_VARIABLE = YES;
				IPHONEOS_DEPLOYMENT_TARGET = 16.1;
				MTL_ENABLE_DEBUG_INFO = NO;
				MTL_FAST_MATH = YES;
				SDKROOT = iphoneos;
				SWIFT_COMPILATION_MODE = wholemodule;
				SWIFT_OPTIMIZATION_LEVEL = "-O";
				VALIDATE_PRODUCT = YES;
			};
			name = Release;
		};
		FFFEF85B292359350025FB74 /* Debug */ = {
			isa = XCBuildConfiguration;
			buildSettings = {
				ASSETCATALOG_COMPILER_APPICON_NAME = AppIcon;
				ASSETCATALOG_COMPILER_GLOBAL_ACCENT_COLOR_NAME = AccentColor;
				CODE_SIGN_STYLE = Automatic;
				CURRENT_PROJECT_VERSION = 1;
				GENERATE_INFOPLIST_FILE = YES;
				INFOPLIST_FILE = "Homework 3/Info.plist";
				INFOPLIST_KEY_UIApplicationSupportsIndirectInputEvents = YES;
				INFOPLIST_KEY_UILaunchStoryboardName = LaunchScreen;
				INFOPLIST_KEY_UIMainStoryboardFile = "";
				INFOPLIST_KEY_UISupportedInterfaceOrientations_iPad = "UIInterfaceOrientationPortrait UIInterfaceOrientationPortraitUpsideDown UIInterfaceOrientationLandscapeLeft UIInterfaceOrientationLandscapeRight";
				INFOPLIST_KEY_UISupportedInterfaceOrientations_iPhone = "UIInterfaceOrientationPortrait UIInterfaceOrientationLandscapeLeft UIInterfaceOrientationLandscapeRight";
				LD_RUNPATH_SEARCH_PATHS = (
					"$(inherited)",
					"@executable_path/Frameworks",
				);
				MARKETING_VERSION = 1.0;
				PRODUCT_BUNDLE_IDENTIFIER = "Alex.Homework-3";
				PRODUCT_NAME = "$(TARGET_NAME)";
				SWIFT_EMIT_LOC_STRINGS = YES;
				SWIFT_VERSION = 5.0;
				TARGETED_DEVICE_FAMILY = "1,2";
			};
			name = Debug;
		};
		FFFEF85C292359350025FB74 /* Release */ = {
			isa = XCBuildConfiguration;
			buildSettings = {
				ASSETCATALOG_COMPILER_APPICON_NAME = AppIcon;
				ASSETCATALOG_COMPILER_GLOBAL_ACCENT_COLOR_NAME = AccentColor;
				CODE_SIGN_STYLE = Automatic;
				CURRENT_PROJECT_VERSION = 1;
				GENERATE_INFOPLIST_FILE = YES;
				INFOPLIST_FILE = "Homework 3/Info.plist";
				INFOPLIST_KEY_UIApplicationSupportsIndirectInputEvents = YES;
				INFOPLIST_KEY_UILaunchStoryboardName = LaunchScreen;
				INFOPLIST_KEY_UIMainStoryboardFile = "";
				INFOPLIST_KEY_UISupportedInterfaceOrientations_iPad = "UIInterfaceOrientationPortrait UIInterfaceOrientationPortraitUpsideDown UIInterfaceOrientationLandscapeLeft UIInterfaceOrientationLandscapeRight";
				INFOPLIST_KEY_UISupportedInterfaceOrientations_iPhone = "UIInterfaceOrientationPortrait UIInterfaceOrientationLandscapeLeft UIInterfaceOrientationLandscapeRight";
				LD_RUNPATH_SEARCH_PATHS = (
					"$(inherited)",
					"@executable_path/Frameworks",
				);
				MARKETING_VERSION = 1.0;
				PRODUCT_BUNDLE_IDENTIFIER = "Alex.Homework-3";
				PRODUCT_NAME = "$(TARGET_NAME)";
				SWIFT_EMIT_LOC_STRINGS = YES;
				SWIFT_VERSION = 5.0;
				TARGETED_DEVICE_FAMILY = "1,2";
			};
			name = Release;
		};
		FFFEF85E292359350025FB74 /* Debug */ = {
			isa = XCBuildConfiguration;
			buildSettings = {
				ALWAYS_EMBED_SWIFT_STANDARD_LIBRARIES = YES;
				BUNDLE_LOADER = "$(TEST_HOST)";
				CODE_SIGN_STYLE = Automatic;
				CURRENT_PROJECT_VERSION = 1;
				GENERATE_INFOPLIST_FILE = YES;
				IPHONEOS_DEPLOYMENT_TARGET = 16.1;
				MARKETING_VERSION = 1.0;
				PRODUCT_BUNDLE_IDENTIFIER = "Alex.Homework-3Tests";
				PRODUCT_NAME = "$(TARGET_NAME)";
				SWIFT_EMIT_LOC_STRINGS = NO;
				SWIFT_VERSION = 5.0;
				TARGETED_DEVICE_FAMILY = "1,2";
				TEST_HOST = "$(BUILT_PRODUCTS_DIR)/Homework 3.app/$(BUNDLE_EXECUTABLE_FOLDER_PATH)/Homework 3";
			};
			name = Debug;
		};
		FFFEF85F292359350025FB74 /* Release */ = {
			isa = XCBuildConfiguration;
			buildSettings = {
				ALWAYS_EMBED_SWIFT_STANDARD_LIBRARIES = YES;
				BUNDLE_LOADER = "$(TEST_HOST)";
				CODE_SIGN_STYLE = Automatic;
				CURRENT_PROJECT_VERSION = 1;
				GENERATE_INFOPLIST_FILE = YES;
				IPHONEOS_DEPLOYMENT_TARGET = 16.1;
				MARKETING_VERSION = 1.0;
				PRODUCT_BUNDLE_IDENTIFIER = "Alex.Homework-3Tests";
				PRODUCT_NAME = "$(TARGET_NAME)";
				SWIFT_EMIT_LOC_STRINGS = NO;
				SWIFT_VERSION = 5.0;
				TARGETED_DEVICE_FAMILY = "1,2";
				TEST_HOST = "$(BUILT_PRODUCTS_DIR)/Homework 3.app/$(BUNDLE_EXECUTABLE_FOLDER_PATH)/Homework 3";
			};
			name = Release;
		};
		FFFEF861292359350025FB74 /* Debug */ = {
			isa = XCBuildConfiguration;
			buildSettings = {
				ALWAYS_EMBED_SWIFT_STANDARD_LIBRARIES = YES;
				CODE_SIGN_STYLE = Automatic;
				CURRENT_PROJECT_VERSION = 1;
				GENERATE_INFOPLIST_FILE = YES;
				MARKETING_VERSION = 1.0;
				PRODUCT_BUNDLE_IDENTIFIER = "Alex.Homework-3UITests";
				PRODUCT_NAME = "$(TARGET_NAME)";
				SWIFT_EMIT_LOC_STRINGS = NO;
				SWIFT_VERSION = 5.0;
				TARGETED_DEVICE_FAMILY = "1,2";
				TEST_TARGET_NAME = "Homework 3";
			};
			name = Debug;
		};
		FFFEF862292359350025FB74 /* Release */ = {
			isa = XCBuildConfiguration;
			buildSettings = {
				ALWAYS_EMBED_SWIFT_STANDARD_LIBRARIES = YES;
				CODE_SIGN_STYLE = Automatic;
				CURRENT_PROJECT_VERSION = 1;
				GENERATE_INFOPLIST_FILE = YES;
				MARKETING_VERSION = 1.0;
				PRODUCT_BUNDLE_IDENTIFIER = "Alex.Homework-3UITests";
				PRODUCT_NAME = "$(TARGET_NAME)";
				SWIFT_EMIT_LOC_STRINGS = NO;
				SWIFT_VERSION = 5.0;
				TARGETED_DEVICE_FAMILY = "1,2";
				TEST_TARGET_NAME = "Homework 3";
			};
			name = Release;
		};
/* End XCBuildConfiguration section */

/* Begin XCConfigurationList section */
		FFFEF82B292359320025FB74 /* Build configuration list for PBXProject "Homework 3" */ = {
			isa = XCConfigurationList;
			buildConfigurations = (
				FFFEF858292359350025FB74 /* Debug */,
				FFFEF859292359350025FB74 /* Release */,
			);
			defaultConfigurationIsVisible = 0;
			defaultConfigurationName = Release;
		};
		FFFEF85A292359350025FB74 /* Build configuration list for PBXNativeTarget "Homework 3" */ = {
			isa = XCConfigurationList;
			buildConfigurations = (
				FFFEF85B292359350025FB74 /* Debug */,
				FFFEF85C292359350025FB74 /* Release */,
			);
			defaultConfigurationIsVisible = 0;
			defaultConfigurationName = Release;
		};
		FFFEF85D292359350025FB74 /* Build configuration list for PBXNativeTarget "Homework 3Tests" */ = {
			isa = XCConfigurationList;
			buildConfigurations = (
				FFFEF85E292359350025FB74 /* Debug */,
				FFFEF85F292359350025FB74 /* Release */,
			);
			defaultConfigurationIsVisible = 0;
			defaultConfigurationName = Release;
		};
		FFFEF860292359350025FB74 /* Build configuration list for PBXNativeTarget "Homework 3UITests" */ = {
			isa = XCConfigurationList;
			buildConfigurations = (
				FFFEF861292359350025FB74 /* Debug */,
				FFFEF862292359350025FB74 /* Release */,
			);
			defaultConfigurationIsVisible = 0;
			defaultConfigurationName = Release;
		};
/* End XCConfigurationList section */
	};
	rootObject = FFFEF828292359320025FB74 /* Project object */;
}
